
Microsoft Visual Studio Solution File, Format Version 12.00
# Visual Studio Version 16
VisualStudioVersion = 16.0.30503.244
MinimumVisualStudioVersion = 10.0.40219.1
Project("{FAE04EC0-301F-11D3-BF4B-00C04F79EFBC}") = "JPG2PDF4Windows", "JPG2PDF4Windows.csproj", "{E79B5402-BED3-45A0-84FF-350C871A10AC}"
EndProject
Project("{2150E333-8FDC-42A3-9474-1A3956D46DE8}") = "Solution Items", "Solution Items", "{772877E5-7F84-4BBC-920E-C44029283B8B}"
	ProjectSection(SolutionItems) = preProject
		.editorconfig = .editorconfig
		.gitignore = .gitignore
	EndProjectSection
EndProject
Global
	GlobalSection(SolutionConfigurationPlatforms) = preSolution
		Debug|Any CPU = Debug|Any CPU
		Release|Any CPU = Release|Any CPU
	EndGlobalSection
	GlobalSection(ProjectConfigurationPlatforms) = postSolution
		{E79B5402-BED3-45A0-84FF-350C871A10AC}.Debug|Any CPU.ActiveCfg = Debug|Any CPU
		{E79B5402-BED3-45A0-84FF-350C871A10AC}.Debug|Any CPU.Build.0 = Debug|Any CPU
		{E79B5402-BED3-45A0-84FF-350C871A10AC}.Release|Any CPU.ActiveCfg = Release|Any CPU
		{E79B5402-BED3-45A0-84FF-350C871A10AC}.Release|Any CPU.Build.0 = Release|Any CPU
	EndGlobalSection
	GlobalSection(SolutionProperties) = preSolution
		HideSolutionNode = FALSE
	EndGlobalSection
	GlobalSection(ExtensibilityGlobals) = postSolution
		SolutionGuid = {AEF9724A-BB62-412C-B182-37CC6A6F4345}
	EndGlobalSection
EndGlobal
